# THIS IS AN AUTOGENERATED FILE. DO NOT EDIT THIS FILE DIRECTLY.
# yarn lockfile v1


"@fontsource/fredoka-one@^4.5.9":
  version "4.5.9"
  resolved "https://registry.yarnpkg.com/@fontsource/fredoka-one/-/fredoka-one-4.5.9.tgz#bfcd9f8ead540ac390d23378e11abc69441f2ee6"
  integrity sha512-sI1feQZKdwb6P4kkGLAQ5o0zCYTXkEROhz8v6oXCej7sgrkcK8GfoO86mEzrzISIrDluZNnfmb2ICkh35Djw7Q==
